
Microsoft Visual Studio Solution File, Format Version 12.00
# Visual Studio 2015
Project("{FAE04EC0-301F-11D3-BF4B-00C04F79EFBC}") = "GrafikaProject.CSharp", "GrafikaProject.CSharp.csproj", "{753F37B2-9B81-DC65-0538-8B3FC9B527F1}"
EndProject
Global
	GlobalSection(SolutionConfigurationPlatforms) = preSolution
		Debug|Any CPU = Debug|Any CPU
		Release|Any CPU = Release|Any CPU
	EndGlobalSection
	GlobalSection(ProjectConfigurationPlatforms) = postSolution
		{753F37B2-9B81-DC65-0538-8B3FC9B527F1}.Debug|Any CPU.ActiveCfg = Debug|Any CPU
		{753F37B2-9B81-DC65-0538-8B3FC9B527F1}.Debug|Any CPU.Build.0 = Debug|Any CPU
		{753F37B2-9B81-DC65-0538-8B3FC9B527F1}.Release|Any CPU.ActiveCfg = Release|Any CPU
		{753F37B2-9B81-DC65-0538-8B3FC9B527F1}.Release|Any CPU.Build.0 = Release|Any CPU
	EndGlobalSection
	GlobalSection(SolutionProperties) = preSolution
		HideSolutionNode = FALSE
	EndGlobalSection
EndGlobal
